
Microsoft Visual Studio Solution File, Format Version 12.00
# Visual Studio 15
VisualStudioVersion = 15.0.28307.136
MinimumVisualStudioVersion = 10.0.40219.1
Project("{FAE04EC0-301F-11D3-BF4B-00C04F79EFBC}") = "LloydsRegister.API", "LloydsRegister.API\LloydsRegister.API.csproj", "{40BBB9BE-B94E-4ED3-8D56-4DD261734A5A}"
EndProject
Global
	GlobalSection(SolutionConfigurationPlatforms) = preSolution
		Debug|Any CPU = Debug|Any CPU
		Release|Any CPU = Release|Any CPU
	EndGlobalSection
	GlobalSection(ProjectConfigurationPlatforms) = postSolution
		{40BBB9BE-B94E-4ED3-8D56-4DD261734A5A}.Debug|Any CPU.ActiveCfg = Debug|Any CPU
		{40BBB9BE-B94E-4ED3-8D56-4DD261734A5A}.Debug|Any CPU.Build.0 = Debug|Any CPU
		{40BBB9BE-B94E-4ED3-8D56-4DD261734A5A}.Release|Any CPU.ActiveCfg = Release|Any CPU
		{40BBB9BE-B94E-4ED3-8D56-4DD261734A5A}.Release|Any CPU.Build.0 = Release|Any CPU
	EndGlobalSection
	GlobalSection(SolutionProperties) = preSolution
		HideSolutionNode = FALSE
	EndGlobalSection
	GlobalSection(ExtensibilityGlobals) = postSolution
		SolutionGuid = {653D69B7-7A39-42A8-ABB0-2B8B88311971}
	EndGlobalSection
EndGlobal
